
Microsoft Visual Studio Solution File, Format Version 12.00
# Visual Studio Version 17
VisualStudioVersion = 17.9.34728.123
MinimumVisualStudioVersion = 10.0.40219.1
Project("{FAE04EC0-301F-11D3-BF4B-00C04F79EFBC}") = "RegistroUsuario", "RegistroUsuario\RegistroUsuario.csproj", "{A3564C2A-5410-476D-8FBE-9F9505516097}"
EndProject
Global
	GlobalSection(SolutionConfigurationPlatforms) = preSolution
		Debug|Any CPU = Debug|Any CPU
		Release|Any CPU = Release|Any CPU
	EndGlobalSection
	GlobalSection(ProjectConfigurationPlatforms) = postSolution
		{A3564C2A-5410-476D-8FBE-9F9505516097}.Debug|Any CPU.ActiveCfg = Debug|Any CPU
		{A3564C2A-5410-476D-8FBE-9F9505516097}.Debug|Any CPU.Build.0 = Debug|Any CPU
		{A3564C2A-5410-476D-8FBE-9F9505516097}.Release|Any CPU.ActiveCfg = Release|Any CPU
		{A3564C2A-5410-476D-8FBE-9F9505516097}.Release|Any CPU.Build.0 = Release|Any CPU
	EndGlobalSection
	GlobalSection(SolutionProperties) = preSolution
		HideSolutionNode = FALSE
	EndGlobalSection
	GlobalSection(ExtensibilityGlobals) = postSolution
		SolutionGuid = {019B9868-DA7C-481C-9C2E-7C76E59D8BC8}
	EndGlobalSection
EndGlobal
